
Microsoft Visual Studio Solution File, Format Version 12.00
# Visual Studio 14
VisualStudioVersion = 14.0.25420.1
MinimumVisualStudioVersion = 10.0.40219.1
Project("{2150E333-8FDC-42A3-9474-1A3956D46DE8}") = "Core", "Core", "{02585A6A-1229-4748-9CBB-5F85CE019B58}"
EndProject
Project("{2150E333-8FDC-42A3-9474-1A3956D46DE8}") = "Data", "Data", "{BDE75E5E-9843-4B95-B6B7-33650229586D}"
EndProject
Project("{FAE04EC0-301F-11D3-BF4B-00C04F79EFBC}") = "BSI.Dapper", "BSI.Dapper\BSI.Dapper.csproj", "{C06D55E0-84C5-47BD-AFC7-AA56C3A5F91C}"
EndProject
Project("{FAE04EC0-301F-11D3-BF4B-00C04F79EFBC}") = "BSI.GestDoc.Entity", "BSI.GestDoc.Entity\BSI.GestDoc.Entity.csproj", "{99629E1A-9A67-4624-A23D-74667981D77B}"
EndProject
Project("{FAE04EC0-301F-11D3-BF4B-00C04F79EFBC}") = "BSI.GestDoc.Repository", "BSI.GestDoc.Repository\BSI.GestDoc.Repository.csproj", "{636FE4FC-6B0A-4E8E-9B01-A6AB6ACF4B39}"
EndProject
Project("{2150E333-8FDC-42A3-9474-1A3956D46DE8}") = "BackEnd", "BackEnd", "{D9CA9184-FD13-4433-A963-D57154C531CE}"
EndProject
Project("{FAE04EC0-301F-11D3-BF4B-00C04F79EFBC}") = "BSI.GestDoc.BusinessLogic", "BSI.GestDoc.BusinessLogic\BSI.GestDoc.BusinessLogic.csproj", "{10FA099B-596B-4FDD-BA8F-8D2FA7E3C504}"
EndProject
Project("{FAE04EC0-301F-11D3-BF4B-00C04F79EFBC}") = "BSI.GestDoc.WebAPI", "BSI.GestDoc.WebAPI\BSI.GestDoc.WebAPI.csproj", "{EE59B92B-B91D-4DD1-9449-C6D41F4D112F}"
EndProject
Project("{2150E333-8FDC-42A3-9474-1A3956D46DE8}") = "FrontEnd", "FrontEnd", "{735BFEEF-8831-4C51-8FB5-E7C945DE0199}"
EndProject
Project("{E24C65DC-7377-472B-9ABA-BC803B73C61A}") = "BSI.GestDoc.Website", "BSI.GestDoc.Website\", "{089A999E-D1C1-4088-A1EA-CE142CD791BD}"
	ProjectSection(WebsiteProperties) = preProject
		TargetFrameworkMoniker = ".NETFramework,Version%3Dv4.0"
		Debug.AspNetCompiler.VirtualPath = "/localhost_1675"
		Debug.AspNetCompiler.PhysicalPath = "BSI.GestDoc.Website\"
		Debug.AspNetCompiler.TargetPath = "PrecompiledWeb\localhost_1675\"
		Debug.AspNetCompiler.Updateable = "true"
		Debug.AspNetCompiler.ForceOverwrite = "true"
		Debug.AspNetCompiler.FixedNames = "false"
		Debug.AspNetCompiler.Debug = "True"
		Release.AspNetCompiler.VirtualPath = "/localhost_1675"
		Release.AspNetCompiler.PhysicalPath = "BSI.GestDoc.Website\"
		Release.AspNetCompiler.TargetPath = "PrecompiledWeb\localhost_1675\"
		Release.AspNetCompiler.Updateable = "true"
		Release.AspNetCompiler.ForceOverwrite = "true"
		Release.AspNetCompiler.FixedNames = "false"
		Release.AspNetCompiler.Debug = "False"
		VWDPort = "1675"
		SlnRelativePath = "BSI.GestDoc.Website\"
	EndProjectSection
EndProject
Project("{FAE04EC0-301F-11D3-BF4B-00C04F79EFBC}") = "BSI.GestDoc.Util", "BSI.GestDoc.Util\BSI.GestDoc.Util.csproj", "{7D5C5E30-ACB7-41A1-82ED-FBCBA8B6BFD2}"
EndProject
Project("{FAE04EC0-301F-11D3-BF4B-00C04F79EFBC}") = "BSI.GestDoc.CustomException", "BSI.GestDoc.CustomException\BSI.GestDoc.CustomException.csproj", "{6C2C734E-C76C-47EE-A665-6452086EF134}"
EndProject
Global
	GlobalSection(SolutionConfigurationPlatforms) = preSolution
		Debug|Any CPU = Debug|Any CPU
		Release|Any CPU = Release|Any CPU
	EndGlobalSection
	GlobalSection(ProjectConfigurationPlatforms) = postSolution
		{C06D55E0-84C5-47BD-AFC7-AA56C3A5F91C}.Debug|Any CPU.ActiveCfg = Debug|Any CPU
		{C06D55E0-84C5-47BD-AFC7-AA56C3A5F91C}.Debug|Any CPU.Build.0 = Debug|Any CPU
		{C06D55E0-84C5-47BD-AFC7-AA56C3A5F91C}.Release|Any CPU.ActiveCfg = Release|Any CPU
		{C06D55E0-84C5-47BD-AFC7-AA56C3A5F91C}.Release|Any CPU.Build.0 = Release|Any CPU
		{99629E1A-9A67-4624-A23D-74667981D77B}.Debug|Any CPU.ActiveCfg = Debug|Any CPU
		{99629E1A-9A67-4624-A23D-74667981D77B}.Debug|Any CPU.Build.0 = Debug|Any CPU
		{99629E1A-9A67-4624-A23D-74667981D77B}.Release|Any CPU.ActiveCfg = Release|Any CPU
		{99629E1A-9A67-4624-A23D-74667981D77B}.Release|Any CPU.Build.0 = Release|Any CPU
		{636FE4FC-6B0A-4E8E-9B01-A6AB6ACF4B39}.Debug|Any CPU.ActiveCfg = Debug|Any CPU
		{636FE4FC-6B0A-4E8E-9B01-A6AB6ACF4B39}.Debug|Any CPU.Build.0 = Debug|Any CPU
		{636FE4FC-6B0A-4E8E-9B01-A6AB6ACF4B39}.Release|Any CPU.ActiveCfg = Release|Any CPU
		{636FE4FC-6B0A-4E8E-9B01-A6AB6ACF4B39}.Release|Any CPU.Build.0 = Release|Any CPU
		{10FA099B-596B-4FDD-BA8F-8D2FA7E3C504}.Debug|Any CPU.ActiveCfg = Debug|Any CPU
		{10FA099B-596B-4FDD-BA8F-8D2FA7E3C504}.Debug|Any CPU.Build.0 = Debug|Any CPU
		{10FA099B-596B-4FDD-BA8F-8D2FA7E3C504}.Release|Any CPU.ActiveCfg = Release|Any CPU
		{10FA099B-596B-4FDD-BA8F-8D2FA7E3C504}.Release|Any CPU.Build.0 = Release|Any CPU
		{EE59B92B-B91D-4DD1-9449-C6D41F4D112F}.Debug|Any CPU.ActiveCfg = Debug|Any CPU
		{EE59B92B-B91D-4DD1-9449-C6D41F4D112F}.Debug|Any CPU.Build.0 = Debug|Any CPU
		{EE59B92B-B91D-4DD1-9449-C6D41F4D112F}.Release|Any CPU.ActiveCfg = Release|Any CPU
		{EE59B92B-B91D-4DD1-9449-C6D41F4D112F}.Release|Any CPU.Build.0 = Release|Any CPU
		{089A999E-D1C1-4088-A1EA-CE142CD791BD}.Debug|Any CPU.ActiveCfg = Debug|Any CPU
		{089A999E-D1C1-4088-A1EA-CE142CD791BD}.Debug|Any CPU.Build.0 = Debug|Any CPU
		{089A999E-D1C1-4088-A1EA-CE142CD791BD}.Release|Any CPU.ActiveCfg = Debug|Any CPU
		{089A999E-D1C1-4088-A1EA-CE142CD791BD}.Release|Any CPU.Build.0 = Debug|Any CPU
		{7D5C5E30-ACB7-41A1-82ED-FBCBA8B6BFD2}.Debug|Any CPU.ActiveCfg = Debug|Any CPU
		{7D5C5E30-ACB7-41A1-82ED-FBCBA8B6BFD2}.Debug|Any CPU.Build.0 = Debug|Any CPU
		{7D5C5E30-ACB7-41A1-82ED-FBCBA8B6BFD2}.Release|Any CPU.ActiveCfg = Release|Any CPU
		{7D5C5E30-ACB7-41A1-82ED-FBCBA8B6BFD2}.Release|Any CPU.Build.0 = Release|Any CPU
		{6C2C734E-C76C-47EE-A665-6452086EF134}.Debug|Any CPU.ActiveCfg = Debug|Any CPU
		{6C2C734E-C76C-47EE-A665-6452086EF134}.Debug|Any CPU.Build.0 = Debug|Any CPU
		{6C2C734E-C76C-47EE-A665-6452086EF134}.Release|Any CPU.ActiveCfg = Release|Any CPU
		{6C2C734E-C76C-47EE-A665-6452086EF134}.Release|Any CPU.Build.0 = Release|Any CPU
	EndGlobalSection
	GlobalSection(SolutionProperties) = preSolution
		HideSolutionNode = FALSE
	EndGlobalSection
	GlobalSection(NestedProjects) = preSolution
		{02585A6A-1229-4748-9CBB-5F85CE019B58} = {D9CA9184-FD13-4433-A963-D57154C531CE}
		{BDE75E5E-9843-4B95-B6B7-33650229586D} = {D9CA9184-FD13-4433-A963-D57154C531CE}
		{C06D55E0-84C5-47BD-AFC7-AA56C3A5F91C} = {BDE75E5E-9843-4B95-B6B7-33650229586D}
		{99629E1A-9A67-4624-A23D-74667981D77B} = {BDE75E5E-9843-4B95-B6B7-33650229586D}
		{636FE4FC-6B0A-4E8E-9B01-A6AB6ACF4B39} = {BDE75E5E-9843-4B95-B6B7-33650229586D}
		{10FA099B-596B-4FDD-BA8F-8D2FA7E3C504} = {D9CA9184-FD13-4433-A963-D57154C531CE}
		{EE59B92B-B91D-4DD1-9449-C6D41F4D112F} = {D9CA9184-FD13-4433-A963-D57154C531CE}
		{089A999E-D1C1-4088-A1EA-CE142CD791BD} = {735BFEEF-8831-4C51-8FB5-E7C945DE0199}
		{7D5C5E30-ACB7-41A1-82ED-FBCBA8B6BFD2} = {D9CA9184-FD13-4433-A963-D57154C531CE}
		{6C2C734E-C76C-47EE-A665-6452086EF134} = {D9CA9184-FD13-4433-A963-D57154C531CE}
	EndGlobalSection
EndGlobal
